version = 1
revision = 3
requires-python = ">=3.10"

[[package]]
name = "evdev"
version = "1.9.2"
source = { registry = "https://pypi.org/simple" }
sdist = { url = "https://files.pythonhosted.org/packages/63/fe/a17c106a1f4061ce83f04d14bcedcfb2c38c7793ea56bfb906a6fadae8cb/evdev-1.9.2.tar.gz", hash = "sha256:5d3278892ce1f92a74d6bf888cc8525d9f68af85dbe336c95d1c87fb8f423069", size = 33301, upload-time = "2025-05-01T19:53:47.69Z" }

[[package]]
name = "hidapi"
version = "0.14.0.post4"
source = { registry = "https://pypi.org/simple" }
dependencies = [
    { name = "setuptools" },
]
sdist = { url = "https://files.pythonhosted.org/packages/47/72/21ccaaca6ffb06f544afd16191425025d831c2a6d318635e9c8854070f2d/hidapi-0.14.0.post4.tar.gz", hash = "sha256:48fce253e526d17b663fbf9989c71c7ef7653ced5f4be65f1437c313fb3dbdf6", size = 174388, upload-time = "2024-11-19T16:38:10.316Z" }
wheels = [
    { url = "https://files.pythonhosted.org/packages/d8/30/fb21c7ec91045c9bc4b4e8c6aeb99d59c040380618e50f0142ffde459490/hidapi-0.14.0.post4-cp310-cp310-macosx_10_9_x86_64.whl", hash = "sha256:01747e681d138ec614321ef6f069e5be3743fa210112e529a34d3e99635e4ac0", size = 70384, upload-time = "2024-11-19T16:35:51.274Z" },
    { url = "https://files.pythonhosted.org/packages/ac/c4/8bd7e052d5bcca3c535e341e4154237ec452ef943bb4373b01ec9b29ec71/hidapi-0.14.0.post4-cp310-cp310-macosx_11_0_arm64.whl", hash = "sha256:8e20d0a1298a4bd342d7d927d928f1a5a29e5fc9dbf9a79e95dc6e2d386d5070", size = 68114, upload-time = "2024-11-19T16:35:53.435Z" },
    { url = "https://files.pythonhosted.org/packages/70/ad/c882d4c37173590010577322802b9cbbe968080e36e6e619b1b895270d10/hidapi-0.14.0.post4-cp310-cp310-manylinux_2_17_aarch64.manylinux2014_aarch64.whl", hash = "sha256:f0cc21e82e95cb92ef951df8eb8acf5626ac8fa14ab5292abdab1b2349970445", size = 1026316, upload-time = "2024-11-19T16:35:55.596Z" },
    { url = "https://files.pythonhosted.org/packages/2d/8e/b39cdece9b5bc75599646cd997fdc5cbe0ed7582729b62f41e543157f907/hidapi-0.14.0.post4-cp310-cp310-manylinux_2_17_i686.manylinux2014_i686.whl", hash = "sha256:cb1a2b5da0dcfab6837281342d1785cc373484bd3f27bd06fd2211d88075a7bd", size = 1026477, upload-time = "2024-11-19T16:35:58.158Z" },
    { url = "https://files.pythonhosted.org/packages/87/b9/aa613d155250fbfe1d5500f724014b910747424e7bd3fa039858addc7e0d/hidapi-0.14.0.post4-cp310-cp310-manylinux_2_17_x86_64.manylinux2014_x86_64.whl", hash = "sha256:e11d475429a1bc943ceac4ad8da4be63b240e00da5e10863fc3cbd9a35fdb51c", size = 1018595, upload-time = "2024-11-19T16:36:00.467Z" },
    { url = "https://files.pythonhosted.org/packages/db/d4/3a07df2acbbadd133d5c4064d296c2ac1703b72cbaa28c78685fd93ea18a/hidapi-0.14.0.post4-cp310-cp310-musllinux_1_2_aarch64.whl", hash = "sha256:2d1c102f754b2085b270e7c29cb8a148ffb05e10325c373d05ac16e2cbce131c", size = 634502, upload-time = "2024-11-19T16:36:02.259Z" },
    { url = "https://files.pythonhosted.org/packages/8a/23/c8b55b71ca3306fa83735ef04129e6a68648c736f29280ef0ab6b8b34f0a/hidapi-0.14.0.post4-cp310-cp310-musllinux_1_2_i686.whl", hash = "sha256:7d099c259aadcab2bc3f4fb5a1db579ec886c2cade7533016f62778235150746", size = 623671, upload-time = "2024-11-19T16:36:04.774Z" },
    { url = "https://files.pythonhosted.org/packages/8f/47/e88e409dec1f9539dfdad7a9bc95c3dfe781176b3eeaba56006cd90d19bf/hidapi-0.14.0.post4-cp310-cp310-musllinux_1_2_x86_64.whl", hash = "sha256:80fa94668d21b12daf62b034f647d71236470a8ba9a7580e220c47e9c119d932", size = 647046, upload-time = "2024-11-19T16:36:06.91Z" },
    { url = "https://files.pythonhosted.org/packages/ce/3f/6b935841fc49e43df51422bda68be506407330c498a05eab8ea23908c932/hidapi-0.14.0.post4-cp310-cp310-win32.whl", hash = "sha256:21ebd1420db116733536fae227f1cb30ad74bded5090269cdda4facfa73a8867", size = 63056, upload-time = "2024-11-19T16:36:08.869Z" },
    { url = "https://files.pythonhosted.org/packages/2e/2b/ca6f1590f5eb6520124518141f9d759eb0744d5a3e622b4bb9c9044640e8/hidapi-0.14.0.post4-cp310-cp310-win_amd64.whl", hash = "sha256:a90cfdd29c10425cd4e4cff34adb12d25048561fc946f3562679e45721060a1c", size = 70327, upload-time = "2024-11-19T16:36:10.005Z" },
    { url = "https://files.pythonhosted.org/packages/59/b2/6666dfae3c48986a3cf77d049ff8bc6e6620ac0402443ef235b82684eeea/hidapi-0.14.0.post4-cp311-cp311-macosx_10_9_x86_64.whl", hash = "sha256:74ae8ce339655b2568d74e49c8ef644d34a445dd0a9b4b89d1bf09447b83f5af", size = 71068, upload-time = "2024-11-19T16:36:11.123Z" },
    { url = "https://files.pythonhosted.org/packages/35/ad/5c3dfcb986de80f3ea61908bb2c7ff498900ee79df59a894d834e49b55c9/hidapi-0.14.0.post4-cp311-cp311-macosx_11_0_arm64.whl", hash = "sha256:e749b79d9cafc1e9fd9d397d8039377c928ca10a36847fda6407169513802f68", size = 68750, upload-time = "2024-11-19T16:36:12.902Z" },
    { url = "https://files.pythonhosted.org/packages/a1/ab/94ff5dc6c66227bbf316cf8b056145922d1ca931a37092519e8247214df7/hidapi-0.14.0.post4-cp311-cp311-manylinux_2_17_aarch64.manylinux2014_aarch64.whl", hash = "sha256:4169893fe5e368777fce7575a8bdedc1861f13d8fb9fda6b05e8155dde6eb7f1", size = 1072450, upload-time = "2024-11-19T16:36:15.306Z" },
    { url = "https://files.pythonhosted.org/packages/11/77/1e8c35728a17baae2c61646d7060062249f1f01ecd2c28631d07aa8547af/hidapi-0.14.0.post4-cp311-cp311-manylinux_2_17_i686.manylinux2014_i686.whl", hash = "sha256:0d51f8102a2441ce22e080576f8f370d25cb3962161818a89f236b0401840f18", size = 1067973, upload-time = "2024-11-19T16:36:16.932Z" },
    { url = "https://files.pythonhosted.org/packages/99/82/540a15251d27287742a4c9f897bed01ccc82ab2ea6e4321ed3468741dd33/hidapi-0.14.0.post4-cp311-cp311-manylinux_2_17_x86_64.manylinux2014_x86_64.whl", hash = "sha256:ff021ed0962f2d5d67405ae53c85f6cb3ab8c5af3dff7db8c74672f79f7a39d1", size = 1064054, upload-time = "2024-11-19T16:36:19.53Z" },
    { url = "https://files.pythonhosted.org/packages/72/93/bb8ed59a06faa0262068486f3f01b49c68e0ae055940f5c9c65bb97064c7/hidapi-0.14.0.post4-cp311-cp311-musllinux_1_2_aarch64.whl", hash = "sha256:d8ab5ba9fce95e342335ef48640221a46600c1afb66847432fad9823d40a2022", size = 682621, upload-time = "2024-11-19T16:36:21.214Z" },
    { url = "https://files.pythonhosted.org/packages/53/42/e262091785d25b30fcfeb0c87b8e0b96ba935336181bab86e7ee25181dd1/hidapi-0.14.0.post4-cp311-cp311-musllinux_1_2_i686.whl", hash = "sha256:56d7538a4e156041bb80f07f47c327f8944e39da469b010041ce44e324d0657c", size = 669789, upload-time = "2024-11-19T16:36:22.725Z" },
    { url = "https://files.pythonhosted.org/packages/6d/eb/b0516fadd686ad5b3d99df0db4e16d4d93ae5f74506ac0b2cf4452733e49/hidapi-0.14.0.post4-cp311-cp311-musllinux_1_2_x86_64.whl", hash = "sha256:a28de4a03fc276614518d8d0997d8152d0edaf8ca9166522316ef1c455e8bc29", size = 696581, upload-time = "2024-11-19T16:36:25.283Z" },
    { url = "https://files.pythonhosted.org/packages/d3/b5/35f053d1268c61e1ce6999059d416118d11fd60ba496a3e29c9adcf2ecd7/hidapi-0.14.0.post4-cp311-cp311-win32.whl", hash = "sha256:348e68e3a2145a6ec6bebce13ffdf3e5883d8c720752c365027f16e16764def6", size = 62950, upload-time = "2024-11-19T16:36:26.496Z" },
    { url = "https://files.pythonhosted.org/packages/0f/e9/d91652ad32f4266c832f8b09879ac1cad9ad5b1660ef35d9ea7171a9e39b/hidapi-0.14.0.post4-cp311-cp311-win_amd64.whl", hash = "sha256:5a5af70dad759b45536a9946d8232ef7d90859845d3554c93bea3e790250df75", size = 70396, upload-time = "2024-11-19T16:36:27.63Z" },
    { url = "https://files.pythonhosted.org/packages/1a/9a/9b7d5d5e2c003aed2fecdc348caff8d3b6a8ead0220da489ccb822d7e5ef/hidapi-0.14.0.post4-cp312-cp312-macosx_10_13_x86_64.whl", hash = "sha256:129d684c2760fafee9014ce63a58d8e2699cdf00cd1a11bb3d706d4715f5ff96", size = 71668, upload-time = "2024-11-19T16:36:28.666Z" },
    { url = "https://files.pythonhosted.org/packages/ad/e5/a919eb542a692cc27dc58b1997dd860cace0e4c64e38c8bf9236ff8b95b7/hidapi-0.14.0.post4-cp312-cp312-macosx_11_0_arm64.whl", hash = "sha256:4f04de00e40db2efc0bcdd047c160274ba7ccd861100fd87c295dd63cb932f2f", size = 69146, upload-time = "2024-11-19T16:36:30.484Z" },
    { url = "https://files.pythonhosted.org/packages/37/7c/63316c8cba89cc039a952bb8805c3fb585e79f7fc8a5d27acaa6beb2fe81/hidapi-0.14.0.post4-cp312-cp312-manylinux_2_17_aarch64.manylinux2014_aarch64.whl", hash = "sha256:10a01af155c51a8089fe44e627af2fbd323cfbef7bd55a86837d971aef6088b0", size = 1083772, upload-time = "2024-11-19T16:36:32.798Z" },
    { url = "https://files.pythonhosted.org/packages/8a/a8/bb222e3f096467d8e37c717000b9b0c6acee043c1145eaaeba4abfc8cffd/hidapi-0.14.0.post4-cp312-cp312-manylinux_2_17_i686.manylinux2014_i686.whl", hash = "sha256:6eaff1d120c47e1a121eada8dc85eac007d1ed81f3db7fc0da5b6ed17d8edefb", size = 1081215, upload-time = "2024-11-19T16:36:35.512Z" },
    { url = "https://files.pythonhosted.org/packages/ba/c8/52134f7d3e09fd4feb7756ccd872c55bfd1899ee81ceed4f8ad5ae39f457/hidapi-0.14.0.post4-cp312-cp312-manylinux_2_17_x86_64.manylinux2014_x86_64.whl", hash = "sha256:fedb9c3be6a2376de436d13fcb37a686a9b6bc988585bcc4f5ec61cad925e794", size = 1077222, upload-time = "2024-11-19T16:36:38.062Z" },
    { url = "https://files.pythonhosted.org/packages/a8/da/88ebbd465dbaff04e9ef3bbdb4a6ca9d24a3458e4726878dbe26bb69236e/hidapi-0.14.0.post4-cp312-cp312-musllinux_1_2_aarch64.whl", hash = "sha256:6270677da02e86b56b81afd5f6f313736b8315b493f3c8a431da285e3a3c5de9", size = 694510, upload-time = "2024-11-19T16:36:39.572Z" },
    { url = "https://files.pythonhosted.org/packages/da/f0/ea437ed339c5f0b446983011000d8cad8c4f8a51ee39e837d16e101b66da/hidapi-0.14.0.post4-cp312-cp312-musllinux_1_2_i686.whl", hash = "sha256:da700db947562f8c0ac530215b74b5a27e4c669916ec99cfb5accd14ba08562c", size = 682635, upload-time = "2024-11-19T16:36:41.35Z" },
    { url = "https://files.pythonhosted.org/packages/01/e9/14e63f1a5ec0c2430b84695d28e994b2b63398544adb20d910f6dc41ac66/hidapi-0.14.0.post4-cp312-cp312-musllinux_1_2_x86_64.whl", hash = "sha256:707b1ebf5cb051b020e94b039e603351bf2e6620b48fc970228e0dd5d3a91fca", size = 701667, upload-time = "2024-11-19T16:36:43.135Z" },
    { url = "https://files.pythonhosted.org/packages/df/3d/8a37ed1b250ae45eb7fa5cd3227c865d38a1ddf9ccab626f4f6adfbd424a/hidapi-0.14.0.post4-cp312-cp312-win32.whl", hash = "sha256:1487312ad50cf2c08a5ea786167b3229afd6478c4b26974157c3845a84e91231", size = 63123, upload-time = "2024-11-19T16:36:44.329Z" },
    { url = "https://files.pythonhosted.org/packages/f4/fd/e642211e579875e35015aed12d3b2c2a25f6a731ff846a2c2aaaf4bf8898/hidapi-0.14.0.post4-cp312-cp312-win_amd64.whl", hash = "sha256:8d924bd002a1c17ca51905b3b7b3d580e80ec211a9b8fe4667b73db0ff9e9b54", size = 70478, upload-time = "2024-11-19T16:36:45.388Z" },
    { url = "https://files.pythonhosted.org/packages/38/c7/8601f03a6eeeac35655245177b50bb00e707f3392e0a79c34637f8525207/hidapi-0.14.0.post4-cp313-cp313-macosx_10_13_x86_64.whl", hash = "sha256:6f96ae777e906f0a9d6f75e873313145dfec2b774f558bfcae8ba34f09792460", size = 70358, upload-time = "2024-11-19T16:36:46.405Z" },
    { url = "https://files.pythonhosted.org/packages/c1/5d/7376cf339fbe6fca26048e3c7e183ef4d99c046cc5d8378516a745914327/hidapi-0.14.0.post4-cp313-cp313-macosx_11_0_arm64.whl", hash = "sha256:6439fc9686518d0336fac8c5e370093279f53c997540065fce131c97567118d8", size = 68034, upload-time = "2024-11-19T16:36:47.419Z" },
    { url = "https://files.pythonhosted.org/packages/8c/5a/4bca20898c699810f016d2719b980fc57fe36d5012d03eca7a89ace98547/hidapi-0.14.0.post4-cp313-cp313-manylinux_2_17_aarch64.manylinux2014_aarch64.whl", hash = "sha256:2acadb4f1ae569c4f73ddb461af8733e8f5efcb290c3d0ef1b0671ba793b0ae3", size = 1075570, upload-time = "2024-11-19T16:36:48.931Z" },
    { url = "https://files.pythonhosted.org/packages/6a/c6/66e6b7c27297249bc737115dff4a1e819d3e0e73885160a3104ebec7ac13/hidapi-0.14.0.post4-cp313-cp313-manylinux_2_17_i686.manylinux2014_i686.whl", hash = "sha256:884fa003d899113e14908bd3b519c60b48fc3cec0410264dcbdad1c4a8fc2e8d", size = 1081482, upload-time = "2024-11-19T16:36:51.021Z" },
    { url = "https://files.pythonhosted.org/packages/86/a8/21e9860eddeefd0dc41b3f7e6e81cd9ff53c2b07130f57776b56a1dddc66/hidapi-0.14.0.post4-cp313-cp313-manylinux_2_17_x86_64.manylinux2014_x86_64.whl", hash = "sha256:8a2d466b995f8ff387d68c052d3b74ee981a4ddc4f1a99f32f2dc7022273dc11", size = 1069549, upload-time = "2024-11-19T16:36:52.808Z" },
    { url = "https://files.pythonhosted.org/packages/e8/01/3adf46a7ea5bf31f12e09d4392e1810e662101ba6611214ea6e2c35bea7a/hidapi-0.14.0.post4-cp313-cp313-musllinux_1_2_aarch64.whl", hash = "sha256:e1f6409854c0a8ed4d1fdbe88d5ee4baf6f19996d1561f76889a132cb083574d", size = 698200, upload-time = "2024-11-19T16:36:54.606Z" },
    { url = "https://files.pythonhosted.org/packages/f0/19/db15cd21bef1b0dc8ef4309c5734b64affb7e88540efd3c090f153cdae0b/hidapi-0.14.0.post4-cp313-cp313-musllinux_1_2_i686.whl", hash = "sha256:bca568a2b7d0d454c7921d70b1cc44f427eb6f95961b6d7b3b9b4532d0de74ef", size = 671554, upload-time = "2024-11-19T16:36:56.2Z" },
    { url = "https://files.pythonhosted.org/packages/f5/23/f896ee8f0977710c354bd1b9ac6d5206c12842bd39d78a357c866f8ec6b6/hidapi-0.14.0.post4-cp313-cp313-musllinux_1_2_x86_64.whl", hash = "sha256:9f14ac2737fd6f58d88d2e6bf8ebd03aac7b486c14d3f570b7b1d0013d61b726", size = 703897, upload-time = "2024-11-19T16:36:57.796Z" },
    { url = "https://files.pythonhosted.org/packages/9a/5e/3c93bb12b01392b538870bc710786fee86a9ced074a8b5c091a59786ee07/hidapi-0.14.0.post4-cp313-cp313-win32.whl", hash = "sha256:b6b9c4dbf7d7e2635ff129ce6ea82174865c073b75888b8b97dda5a3d9a70493", size = 62688, upload-time = "2024-11-19T16:36:59.124Z" },
    { url = "https://files.pythonhosted.org/packages/6a/a6/0d43ac0be00db25fb0c2c6125e15a3e3536196c9a7cd806d50ebfb37b375/hidapi-0.14.0.post4-cp313-cp313-win_amd64.whl", hash = "sha256:87218eeba366c871adcc273407aacbabab781d6a964919712d5583eded5ca50f", size = 69749, upload-time = "2024-11-19T16:37:00.561Z" },
]

[[package]]
name = "mac-shuttle"
version = "0.1.0"
source = { editable = "." }
dependencies = [
    { name = "hidapi" },
    { name = "pynput" },
    { name = "pyobjc-framework-cocoa" },
    { name = "rumps" },
]

[package.metadata]
requires-dist = [
    { name = "hidapi", specifier = ">=0.14.0" },
    { name = "pynput", specifier = ">=1.7.6" },
    { name = "pyobjc-framework-cocoa", specifier = ">=10.0" },
    { name = "rumps", specifier = ">=0.4.0" },
]

[package.metadata.requires-dev]
dev = []

[[package]]
name = "pynput"
version = "1.8.1"
source = { registry = "https://pypi.org/simple" }
dependencies = [
    { name = "evdev", marker = "'linux' in sys_platform" },
    { name = "pyobjc-framework-applicationservices", marker = "sys_platform == 'darwin'" },
    { name = "pyobjc-framework-quartz", marker = "sys_platform == 'darwin'" },
    { name = "python-xlib", marker = "'linux' in sys_platform" },
    { name = "six" },
]
sdist = { url = "https://files.pythonhosted.org/packages/f0/c3/dccf44c68225046df5324db0cc7d563a560635355b3e5f1d249468268a6f/pynput-1.8.1.tar.gz", hash = "sha256:70d7c8373ee98911004a7c938742242840a5628c004573d84ba849d4601df81e", size = 82289, upload-time = "2025-03-17T17:12:01.481Z" }
wheels = [
    { url = "https://files.pythonhosted.org/packages/59/4f/ac3fa906ae8a375a536b12794128c5efacade9eaa917a35dfd27ce0c7400/pynput-1.8.1-py2.py3-none-any.whl", hash = "sha256:42dfcf27404459ca16ca889c8fb8ffe42a9fe54f722fd1a3e130728e59e768d2", size = 91693, upload-time = "2025-03-17T17:12:00.094Z" },
]

[[package]]
name = "pyobjc-core"
version = "12.1"
source = { registry = "https://pypi.org/simple" }
sdist = { url = "https://files.pythonhosted.org/packages/b8/b6/d5612eb40be4fd5ef88c259339e6313f46ba67577a95d86c3470b951fce0/pyobjc_core-12.1.tar.gz", hash = "sha256:2bb3903f5387f72422145e1466b3ac3f7f0ef2e9960afa9bcd8961c5cbf8bd21", size = 1000532, upload-time = "2025-11-14T10:08:28.292Z" }
wheels = [
    { url = "https://files.pythonhosted.org/packages/63/bf/3dbb1783388da54e650f8a6b88bde03c101d9ba93dfe8ab1b1873f1cd999/pyobjc_core-12.1-cp310-cp310-macosx_10_9_universal2.whl", hash = "sha256:93418e79c1655f66b4352168f8c85c942707cb1d3ea13a1da3e6f6a143bacda7", size = 676748, upload-time = "2025-11-14T09:30:50.023Z" },
    { url = "https://files.pythonhosted.org/packages/95/df/d2b290708e9da86d6e7a9a2a2022b91915cf2e712a5a82e306cb6ee99792/pyobjc_core-12.1-cp311-cp311-macosx_10_9_universal2.whl", hash = "sha256:c918ebca280925e7fcb14c5c43ce12dcb9574a33cccb889be7c8c17f3bcce8b6", size = 671263, upload-time = "2025-11-14T09:31:35.231Z" },
    { url = "https://files.pythonhosted.org/packages/64/5a/6b15e499de73050f4a2c88fff664ae154307d25dc04da8fb38998a428358/pyobjc_core-12.1-cp312-cp312-macosx_10_13_universal2.whl", hash = "sha256:818bcc6723561f207e5b5453efe9703f34bc8781d11ce9b8be286bb415eb4962", size = 678335, upload-time = "2025-11-14T09:32:20.107Z" },
    { url = "https://files.pythonhosted.org/packages/f4/d2/29e5e536adc07bc3d33dd09f3f7cf844bf7b4981820dc2a91dd810f3c782/pyobjc_core-12.1-cp313-cp313-macosx_10_13_universal2.whl", hash = "sha256:01c0cf500596f03e21c23aef9b5f326b9fb1f8f118cf0d8b66749b6cf4cbb37a", size = 677370, upload-time = "2025-11-14T09:33:05.273Z" },
    { url = "https://files.pythonhosted.org/packages/1b/f0/4b4ed8924cd04e425f2a07269943018d43949afad1c348c3ed4d9d032787/pyobjc_core-12.1-cp313-cp313t-macosx_10_13_universal2.whl", hash = "sha256:177aaca84bb369a483e4961186704f64b2697708046745f8167e818d968c88fc", size = 719586, upload-time = "2025-11-14T09:33:53.302Z" },
    { url = "https://files.pythonhosted.org/packages/25/98/9f4ed07162de69603144ff480be35cd021808faa7f730d082b92f7ebf2b5/pyobjc_core-12.1-cp314-cp314-macosx_10_15_universal2.whl", hash = "sha256:844515f5d86395b979d02152576e7dee9cc679acc0b32dc626ef5bda315eaa43", size = 670164, upload-time = "2025-11-14T09:34:37.458Z" },
    { url = "https://files.pythonhosted.org/packages/62/50/dc076965c96c7f0de25c0a32b7f8aa98133ed244deaeeacfc758783f1f30/pyobjc_core-12.1-cp314-cp314t-macosx_10_15_universal2.whl", hash = "sha256:453b191df1a4b80e756445b935491b974714456ae2cbae816840bd96f86db882", size = 712204, upload-time = "2025-11-14T09:35:24.148Z" },
]

[[package]]
name = "pyobjc-framework-applicationservices"
version = "12.1"
source = { registry = "https://pypi.org/simple" }
dependencies = [
    { name = "pyobjc-core" },
    { name = "pyobjc-framework-cocoa" },
    { name = "pyobjc-framework-coretext" },
    { name = "pyobjc-framework-quartz" },
]
sdist = { url = "https://files.pythonhosted.org/packages/be/6a/d4e613c8e926a5744fc47a9e9fea08384a510dc4f27d844f7ad7a2d793bd/pyobjc_framework_applicationservices-12.1.tar.gz", hash = "sha256:c06abb74f119bc27aeb41bf1aef8102c0ae1288aec1ac8665ea186a067a8945b", size = 103247, upload-time = "2025-11-14T10:08:52.18Z" }
wheels = [
    { url = "https://files.pythonhosted.org/packages/52/9d/3cf36e7b08832e71f5d48ddfa1047865cf2dfc53df8c0f2a82843ea9507a/pyobjc_framework_applicationservices-12.1-cp310-cp310-macosx_10_9_universal2.whl", hash = "sha256:c4fd1b008757182b9e2603a63c6ffa930cc412fab47294ec64260ab3f8ec695d", size = 32791, upload-time = "2025-11-14T09:36:05.576Z" },
    { url = "https://files.pythonhosted.org/packages/17/86/d07eff705ff909a0ffa96d14fc14026e9fc9dd716233648c53dfd5056b8e/pyobjc_framework_applicationservices-12.1-cp311-cp311-macosx_10_9_universal2.whl", hash = "sha256:bdddd492eeac6d14ff2f5bd342aba29e30dffa72a2d358c08444da22129890e2", size = 32784, upload-time = "2025-11-14T09:36:08.755Z" },
    { url = "https://files.pythonhosted.org/packages/37/a7/55fa88def5c02732c4b747606ff1cbce6e1f890734bbd00f5596b21eaa02/pyobjc_framework_applicationservices-12.1-cp312-cp312-macosx_10_13_universal2.whl", hash = "sha256:c8f6e2fb3b3e9214ab4864ef04eee18f592b46a986c86ea0113448b310520532", size = 32835, upload-time = "2025-11-14T09:36:11.855Z" },
    { url = "https://files.pythonhosted.org/packages/fc/21/79e42ee836f1010f5fe9e97d2817a006736bd287c15a3674c399190a2e77/pyobjc_framework_applicationservices-12.1-cp313-cp313-macosx_10_13_universal2.whl", hash = "sha256:bd1f4dbb38234a24ae6819f5e22485cf7dd3dd4074ff3bf9a9fdb4c01a3b4a38", size = 32859, upload-time = "2025-11-14T09:36:15.208Z" },
    { url = "https://files.pythonhosted.org/packages/66/3a/0f1d4dcf2345e875e5ea9761d5a70969e241d24089133d21f008dde596f5/pyobjc_framework_applicationservices-12.1-cp313-cp313t-macosx_10_13_universal2.whl", hash = "sha256:8a5d2845249b6a85ba9e320a9848468c3f8cd6f59605a9a43f406a7810eaa830", size = 33115, upload-time = "2025-11-14T09:36:18.384Z" },
    { url = "https://files.pythonhosted.org/packages/40/44/3196b40fec68b4413c92875311f17ccf4c3ff7d2e53676f8fc18ad29bd18/pyobjc_framework_applicationservices-12.1-cp314-cp314-macosx_10_15_universal2.whl", hash = "sha256:f43c9a24ad97a9121276d4d571aa04a924282c80d7291cfb3b29839c3e2013a8", size = 32997, upload-time = "2025-11-14T09:36:21.58Z" },
    { url = "https://files.pythonhosted.org/packages/fd/bb/dab21d2210d3ef7dd0616df7e8ea89b5d8d62444133a25f76e649a947168/pyobjc_framework_applicationservices-12.1-cp314-cp314t-macosx_10_15_universal2.whl", hash = "sha256:1f72e20009a4ebfd5ed5b23dc11c1528ad6b55cc63ee71952ddb2a5e5f1cb7da", size = 33238, upload-time = "2025-11-14T09:36:24.751Z" },
]

[[package]]
name = "pyobjc-framework-cocoa"
version = "12.1"
source = { registry = "https://pypi.org/simple" }
dependencies = [
    { name = "pyobjc-core" },
]
sdist = { url = "https://files.pythonhosted.org/packages/02/a3/16ca9a15e77c061a9250afbae2eae26f2e1579eb8ca9462ae2d2c71e1169/pyobjc_framework_cocoa-12.1.tar.gz", hash = "sha256:5556c87db95711b985d5efdaaf01c917ddd41d148b1e52a0c66b1a2e2c5c1640", size = 2772191, upload-time = "2025-11-14T10:13:02.069Z" }
wheels = [
    { url = "https://files.pythonhosted.org/packages/b2/aa/2b2d7ec3ac4b112a605e9bd5c5e5e4fd31d60a8a4b610ab19cc4838aa92a/pyobjc_framework_cocoa-12.1-cp310-cp310-macosx_10_9_universal2.whl", hash = "sha256:9b880d3bdcd102809d704b6d8e14e31611443aa892d9f60e8491e457182fdd48", size = 383825, upload-time = "2025-11-14T09:40:28.354Z" },
    { url = "https://files.pythonhosted.org/packages/3f/07/5760735c0fffc65107e648eaf7e0991f46da442ac4493501be5380e6d9d4/pyobjc_framework_cocoa-12.1-cp311-cp311-macosx_10_9_universal2.whl", hash = "sha256:f52228bcf38da64b77328787967d464e28b981492b33a7675585141e1b0a01e6", size = 383812, upload-time = "2025-11-14T09:40:53.169Z" },
    { url = "https://files.pythonhosted.org/packages/95/bf/ee4f27ec3920d5c6fc63c63e797c5b2cc4e20fe439217085d01ea5b63856/pyobjc_framework_cocoa-12.1-cp312-cp312-macosx_10_13_universal2.whl", hash = "sha256:547c182837214b7ec4796dac5aee3aa25abc665757b75d7f44f83c994bcb0858", size = 384590, upload-time = "2025-11-14T09:41:17.336Z" },
    { url = "https://files.pythonhosted.org/packages/ad/31/0c2e734165abb46215797bd830c4bdcb780b699854b15f2b6240515edcc6/pyobjc_framework_cocoa-12.1-cp313-cp313-macosx_10_13_universal2.whl", hash = "sha256:5a3dcd491cacc2f5a197142b3c556d8aafa3963011110102a093349017705118", size = 384689, upload-time = "2025-11-14T09:41:41.478Z" },
    { url = "https://files.pythonhosted.org/packages/23/3b/b9f61be7b9f9b4e0a6db18b3c35c4c4d589f2d04e963e2174d38c6555a92/pyobjc_framework_cocoa-12.1-cp313-cp313t-macosx_10_13_universal2.whl", hash = "sha256:914b74328c22d8ca261d78c23ef2befc29776e0b85555973927b338c5734ca44", size = 388843, upload-time = "2025-11-14T09:42:05.719Z" },
    { url = "https://files.pythonhosted.org/packages/59/bb/f777cc9e775fc7dae77b569254570fe46eb842516b3e4fe383ab49eab598/pyobjc_framework_cocoa-12.1-cp314-cp314-macosx_10_15_universal2.whl", hash = "sha256:03342a60fc0015bcdf9b93ac0b4f457d3938e9ef761b28df9564c91a14f0129a", size = 384932, upload-time = "2025-11-14T09:42:29.771Z" },
    { url = "https://files.pythonhosted.org/packages/58/27/b457b7b37089cad692c8aada90119162dfb4c4a16f513b79a8b2b022b33b/pyobjc_framework_cocoa-12.1-cp314-cp314t-macosx_10_15_universal2.whl", hash = "sha256:6ba1dc1bfa4da42d04e93d2363491275fb2e2be5c20790e561c8a9e09b8cf2cc", size = 388970, upload-time = "2025-11-14T09:42:53.964Z" },
]

[[package]]
name = "pyobjc-framework-coretext"
version = "12.1"
source = { registry = "https://pypi.org/simple" }
dependencies = [
    { name = "pyobjc-core" },
    { name = "pyobjc-framework-cocoa" },
    { name = "pyobjc-framework-quartz" },
]
sdist = { url = "https://files.pythonhosted.org/packages/29/da/682c9c92a39f713bd3c56e7375fa8f1b10ad558ecb075258ab6f1cdd4a6d/pyobjc_framework_coretext-12.1.tar.gz", hash = "sha256:e0adb717738fae395dc645c9e8a10bb5f6a4277e73cba8fa2a57f3b518e71da5", size = 90124, upload-time = "2025-11-14T10:14:38.596Z" }
wheels = [
    { url = "https://files.pythonhosted.org/packages/27/1c/ddecc72a672d681476c668bcedcfb8ade16383c028eac566ac7458fb91ef/pyobjc_framework_coretext-12.1-cp310-cp310-macosx_10_9_universal2.whl", hash = "sha256:1c8315dcef6699c2953461d97117fe81402f7c29cff36d2950dacce028a362fd", size = 29987, upload-time = "2025-11-14T09:46:58.028Z" },
    { url = "https://files.pythonhosted.org/packages/f0/81/7b8efc41e743adfa2d74b92dec263c91bcebfb188d2a8f5eea1886a195ff/pyobjc_framework_coretext-12.1-cp311-cp311-macosx_10_9_universal2.whl", hash = "sha256:4f6742ba5b0bb7629c345e99eff928fbfd9e9d3d667421ac1a2a43bdb7ba9833", size = 29990, upload-time = "2025-11-14T09:47:01.206Z" },
    { url = "https://files.pythonhosted.org/packages/cd/0f/ddf45bf0e3ba4fbdc7772de4728fd97ffc34a0b5a15e1ab1115b202fe4ae/pyobjc_framework_coretext-12.1-cp312-cp312-macosx_10_13_universal2.whl", hash = "sha256:d246fa654bdbf43bae3969887d58f0b336c29b795ad55a54eb76397d0e62b93c", size = 30108, upload-time = "2025-11-14T09:47:04.228Z" },
    { url = "https://files.pythonhosted.org/packages/20/a2/a3974e3e807c68e23a9d7db66fc38ac54f7ecd2b7a9237042006699a76e1/pyobjc_framework_coretext-12.1-cp313-cp313-macosx_10_13_universal2.whl", hash = "sha256:7cbb2c28580e6704ce10b9a991ccd9563a22b3a75f67c36cf612544bd8b21b5f", size = 30110, upload-time = "2025-11-14T09:47:07.518Z" },
    { url = "https://files.pythonhosted.org/packages/0f/5d/85e059349e9cfbd57269a1f11f56747b3ff5799a3bcbd95485f363c623d8/pyobjc_framework_coretext-12.1-cp313-cp313t-macosx_10_13_universal2.whl", hash = "sha256:14100d1e39efb30f57869671fb6fce8d668f80c82e25e7930fb364866e5c0dab", size = 30697, upload-time = "2025-11-14T09:47:10.932Z" },
    { url = "https://files.pythonhosted.org/packages/ef/c3/adf9d306e9ead108167ab7a974ab7d171dbacf31c72fad63e12585f58023/pyobjc_framework_coretext-12.1-cp314-cp314-macosx_10_15_universal2.whl", hash = "sha256:782a1a9617ea267c05226e9cd81a8dec529969a607fe1e037541ee1feb9524e9", size = 30095, upload-time = "2025-11-14T09:47:13.893Z" },
    { url = "https://files.pythonhosted.org/packages/bd/ca/6321295f47a47b0fca7de7e751ddc0ddc360413f4e506335fe9b0f0fb085/pyobjc_framework_coretext-12.1-cp314-cp314t-macosx_10_15_universal2.whl", hash = "sha256:7afe379c5a870fa3e66e6f65231c3c1732d9ccd2cd2a4904b2cd5178c9e3c562", size = 30702, upload-time = "2025-11-14T09:47:17.292Z" },
]

[[package]]
name = "pyobjc-framework-quartz"
version = "12.1"
source = { registry = "https://pypi.org/simple" }
dependencies = [
    { name = "pyobjc-core" },
    { name = "pyobjc-framework-cocoa" },
]
sdist = { url = "https://files.pythonhosted.org/packages/94/18/cc59f3d4355c9456fc945eae7fe8797003c4da99212dd531ad1b0de8a0c6/pyobjc_framework_quartz-12.1.tar.gz", hash = "sha256:27f782f3513ac88ec9b6c82d9767eef95a5cf4175ce88a1e5a65875fee799608", size = 3159099, upload-time = "2025-11-14T10:21:24.31Z" }
wheels = [
    { url = "https://files.pythonhosted.org/packages/17/f4/50c42c84796886e4d360407fb629000bb68d843b2502c88318375441676f/pyobjc_framework_quartz-12.1-cp310-cp310-macosx_10_9_universal2.whl", hash = "sha256:c6f312ae79ef8b3019dcf4b3374c52035c7c7bc4a09a1748b61b041bb685a0ed", size = 217799, upload-time = "2025-11-14T09:59:32.62Z" },
    { url = "https://files.pythonhosted.org/packages/b7/ef/dcd22b743e38b3c430fce4788176c2c5afa8bfb01085b8143b02d1e75201/pyobjc_framework_quartz-12.1-cp311-cp311-macosx_10_9_universal2.whl", hash = "sha256:19f99ac49a0b15dd892e155644fe80242d741411a9ed9c119b18b7466048625a", size = 217795, upload-time = "2025-11-14T09:59:46.922Z" },
    { url = "https://files.pythonhosted.org/packages/e9/9b/780f057e5962f690f23fdff1083a4cfda5a96d5b4d3bb49505cac4f624f2/pyobjc_framework_quartz-12.1-cp312-cp312-macosx_10_13_universal2.whl", hash = "sha256:7730cdce46c7e985535b5a42c31381af4aa6556e5642dc55b5e6597595e57a16", size = 218798, upload-time = "2025-11-14T10:00:01.236Z" },
    { url = "https://files.pythonhosted.org/packages/ba/2d/e8f495328101898c16c32ac10e7b14b08ff2c443a756a76fd1271915f097/pyobjc_framework_quartz-12.1-cp313-cp313-macosx_10_13_universal2.whl", hash = "sha256:629b7971b1b43a11617f1460cd218bd308dfea247cd4ee3842eb40ca6f588860", size = 219206, upload-time = "2025-11-14T10:00:15.623Z" },
    { url = "https://files.pythonhosted.org/packages/67/43/b1f0ad3b842ab150a7e6b7d97f6257eab6af241b4c7d14cb8e7fde9214b8/pyobjc_framework_quartz-12.1-cp313-cp313t-macosx_10_13_universal2.whl", hash = "sha256:53b84e880c358ba1ddcd7e8d5ea0407d760eca58b96f0d344829162cda5f37b3", size = 224317, upload-time = "2025-11-14T10:00:30.703Z" },
    { url = "https://files.pythonhosted.org/packages/4a/00/96249c5c7e5aaca5f688ca18b8d8ad05cd7886ebd639b3c71a6a4cadbe75/pyobjc_framework_quartz-12.1-cp314-cp314-macosx_10_15_universal2.whl", hash = "sha256:42d306b07f05ae7d155984503e0fb1b701fecd31dcc5c79fe8ab9790ff7e0de0", size = 219558, upload-time = "2025-11-14T10:00:45.476Z" },
    { url = "https://files.pythonhosted.org/packages/4d/a6/708a55f3ff7a18c403b30a29a11dccfed0410485a7548c60a4b6d4cc0676/pyobjc_framework_quartz-12.1-cp314-cp314t-macosx_10_15_universal2.whl", hash = "sha256:0cc08fddb339b2760df60dea1057453557588908e42bdc62184b6396ce2d6e9a", size = 224580, upload-time = "2025-11-14T10:01:00.091Z" },
]

[[package]]
name = "python-xlib"
version = "0.33"
source = { registry = "https://pypi.org/simple" }
dependencies = [
    { name = "six" },
]
sdist = { url = "https://files.pythonhosted.org/packages/86/f5/8c0653e5bb54e0cbdfe27bf32d41f27bc4e12faa8742778c17f2a71be2c0/python-xlib-0.33.tar.gz", hash = "sha256:55af7906a2c75ce6cb280a584776080602444f75815a7aff4d287bb2d7018b32", size = 269068, upload-time = "2022-12-25T18:53:00.824Z" }
wheels = [
    { url = "https://files.pythonhosted.org/packages/fc/b8/ff33610932e0ee81ae7f1269c890f697d56ff74b9f5b2ee5d9b7fa2c5355/python_xlib-0.33-py2.py3-none-any.whl", hash = "sha256:c3534038d42e0df2f1392a1b30a15a4ff5fdc2b86cfa94f072bf11b10a164398", size = 182185, upload-time = "2022-12-25T18:52:58.662Z" },
]

[[package]]
name = "rumps"
version = "0.4.0"
source = { registry = "https://pypi.org/simple" }
dependencies = [
    { name = "pyobjc-framework-cocoa" },
]
sdist = { url = "https://files.pythonhosted.org/packages/b2/e2/2e6a47951290bd1a2831dcc50aec4b25d104c0cf00e8b7868cbd29cf3bfe/rumps-0.4.0.tar.gz", hash = "sha256:17fb33c21b54b1e25db0d71d1d793dc19dc3c0b7d8c79dc6d833d0cffc8b1596", size = 39257, upload-time = "2022-10-15T05:15:10.386Z" }

[[package]]
name = "setuptools"
version = "80.9.0"
source = { registry = "https://pypi.org/simple" }
sdist = { url = "https://files.pythonhosted.org/packages/18/5d/3bf57dcd21979b887f014ea83c24ae194cfcd12b9e0fda66b957c69d1fca/setuptools-80.9.0.tar.gz", hash = "sha256:f36b47402ecde768dbfafc46e8e4207b4360c654f1f3bb84475f0a28628fb19c", size = 1319958, upload-time = "2025-05-27T00:56:51.443Z" }
wheels = [
    { url = "https://files.pythonhosted.org/packages/a3/dc/17031897dae0efacfea57dfd3a82fdd2a2aeb58e0ff71b77b87e44edc772/setuptools-80.9.0-py3-none-any.whl", hash = "sha256:062d34222ad13e0cc312a4c02d73f059e86a4acbfbdea8f8f76b28c99f306922", size = 1201486, upload-time = "2025-05-27T00:56:49.664Z" },
]

[[package]]
name = "six"
version = "1.17.0"
source = { registry = "https://pypi.org/simple" }
sdist = { url = "https://files.pythonhosted.org/packages/94/e7/b2c673351809dca68a0e064b6af791aa332cf192da575fd474ed7d6f16a2/six-1.17.0.tar.gz", hash = "sha256:ff70335d468e7eb6ec65b95b99d3a2836546063f63acc5171de367e834932a81", size = 34031, upload-time = "2024-12-04T17:35:28.174Z" }
wheels = [
    { url = "https://files.pythonhosted.org/packages/b7/ce/149a00dd41f10bc29e5921b496af8b574d8413afcd5e30dfa0ed46c2cc5e/six-1.17.0-py2.py3-none-any.whl", hash = "sha256:4721f391ed90541fddacab5acf947aa0d3dc7d27b2e1e8eda2be8970586c3274", size = 11050, upload-time = "2024-12-04T17:35:26.475Z" },
]
